// !$*UTF8*$!
{
	archiveVersion = 1;
	classes = {
	};
	objectVersion = 56;
	objects = {

/* Begin PBXBuildFile section */
		A20A74272BF745B900679788 /* KLSCircularProgressView.swift in Sources */ = {isa = PBXBuildFile; fileRef = A20A74262BF745B900679788 /* KLSCircularProgressView.swift */; };
		A20C57EE2CB00382000A7659 /* Alamofire in Frameworks */ = {isa = PBXBuildFile; productRef = A20C57ED2CB00382000A7659 /* Alamofire */; };
		A20C57F12CB00395000A7659 /* Kingfisher in Frameworks */ = {isa = PBXBuildFile; productRef = A20C57F02CB00395000A7659 /* Kingfisher */; };
		A20C57F42CB003D7000A7659 /* KLSNetworkManager.swift in Sources */ = {isa = PBXBuildFile; fileRef = A20C57F32CB003D7000A7659 /* KLSNetworkManager.swift */; };
		A20C57F62CB0041C000A7659 /* KLSModel.swift in Sources */ = {isa = PBXBuildFile; fileRef = A20C57F52CB0041C000A7659 /* KLSModel.swift */; };
		A20C57F82CB0048D000A7659 /* KLSListViewModel.swift in Sources */ = {isa = PBXBuildFile; fileRef = A20C57F72CB0048D000A7659 /* KLSListViewModel.swift */; };
		A20C57FA2CB0055E000A7659 /* KLSListViewController.swift in Sources */ = {isa = PBXBuildFile; fileRef = A20C57F92CB0055E000A7659 /* KLSListViewController.swift */; };
		A20C57FC2CB0057A000A7659 /* KLSListCell.swift in Sources */ = {isa = PBXBuildFile; fileRef = A20C57FB2CB0057A000A7659 /* KLSListCell.swift */; };
		A20C57FE2CB008BE000A7659 /* SoundManager.swift in Sources */ = {isa = PBXBuildFile; fileRef = A20C57FD2CB008BE000A7659 /* SoundManager.swift */; };
		A20C58002CB01024000A7659 /* LoadingAnimation.json in Resources */ = {isa = PBXBuildFile; fileRef = A20C57FF2CB01024000A7659 /* LoadingAnimation.json */; };
		A20E5B402CB0336C006D515E /* KLSListCellViewModel.swift in Sources */ = {isa = PBXBuildFile; fileRef = A20E5B3F2CB0336C006D515E /* KLSListCellViewModel.swift */; };
		A247A6782CAEA03A00F6EEEE /* Lottie in Frameworks */ = {isa = PBXBuildFile; productRef = A247A6772CAEA03A00F6EEEE /* Lottie */; };
		A247A67B2CAEA05A00F6EEEE /* KLSOnboardingViewController.swift in Sources */ = {isa = PBXBuildFile; fileRef = A247A67A2CAEA05A00F6EEEE /* KLSOnboardingViewController.swift */; };
		A247A67D2CAEA86200F6EEEE /* KLSButton.swift in Sources */ = {isa = PBXBuildFile; fileRef = A247A67C2CAEA86200F6EEEE /* KLSButton.swift */; };
		A255B9D62CB4392E00C93AB8 /* KLSEndpoint.swift in Sources */ = {isa = PBXBuildFile; fileRef = A255B9D52CB4392E00C93AB8 /* KLSEndpoint.swift */; };
		A255B9D82CB447B700C93AB8 /* AnimationManager.swift in Sources */ = {isa = PBXBuildFile; fileRef = A255B9D72CB447B700C93AB8 /* AnimationManager.swift */; };
		A25F6A162BE79DAB00B1B877 /* SnapKit in Frameworks */ = {isa = PBXBuildFile; productRef = A25F6A152BE79DAB00B1B877 /* SnapKit */; };
		A25F6A192BE7A04700B1B877 /* KLSNameLabel.swift in Sources */ = {isa = PBXBuildFile; fileRef = A25F6A182BE7A04700B1B877 /* KLSNameLabel.swift */; };
		A25F6A1B2BE7A12600B1B877 /* KLSAvatarImageView.swift in Sources */ = {isa = PBXBuildFile; fileRef = A25F6A1A2BE7A12600B1B877 /* KLSAvatarImageView.swift */; };
		A26025B02CB69494008A8CA2 /* KLSAlertContainerView.swift in Sources */ = {isa = PBXBuildFile; fileRef = A26025AF2CB69494008A8CA2 /* KLSAlertContainerView.swift */; };
		A26025B32CB694D3008A8CA2 /* KLSAlertViewController.swift in Sources */ = {isa = PBXBuildFile; fileRef = A26025B22CB694D3008A8CA2 /* KLSAlertViewController.swift */; };
		A26025B72CB69EAD008A8CA2 /* KLSError.swift in Sources */ = {isa = PBXBuildFile; fileRef = A26025B62CB69EAD008A8CA2 /* KLSError.swift */; };
		A26025BA2CB6A862008A8CA2 /* SkeletonView in Frameworks */ = {isa = PBXBuildFile; productRef = A26025B92CB6A862008A8CA2 /* SkeletonView */; };
		A26090C12BEE60CD00A05FD8 /* Extension+UIViewController.swift in Sources */ = {isa = PBXBuildFile; fileRef = A26090C02BEE60CD00A05FD8 /* Extension+UIViewController.swift */; };
		A26FCE1B2CB8489F0024726C /* StoreKit.framework in Frameworks */ = {isa = PBXBuildFile; fileRef = A26FCE1A2CB8489F0024726C /* StoreKit.framework */; };
		A26FCE1E2CB8495A0024726C /* RevenueCat in Frameworks */ = {isa = PBXBuildFile; productRef = A26FCE1D2CB8495A0024726C /* RevenueCat */; };
		A26FCE202CB8495A0024726C /* RevenueCatUI in Frameworks */ = {isa = PBXBuildFile; productRef = A26FCE1F2CB8495A0024726C /* RevenueCatUI */; };
		A27AF94E2CBCEFFA00E0B3E6 /* PenguinMusic.json in Resources */ = {isa = PBXBuildFile; fileRef = A27AF94D2CBCEFFA00E0B3E6 /* PenguinMusic.json */; };
		A27D58892CB9680400DE385E /* SycnedProducts.storekit in Resources */ = {isa = PBXBuildFile; fileRef = A27D58882CB9680400DE385E /* SycnedProducts.storekit */; };
		A27D588B2CB969D100DE385E /* StoreKitTestCertificate.cer in Resources */ = {isa = PBXBuildFile; fileRef = A27D588A2CB969D100DE385E /* StoreKitTestCertificate.cer */; };
		A28BD5572BF285CC000105A3 /* KLSSettingsView.swift in Sources */ = {isa = PBXBuildFile; fileRef = A28BD5562BF285CC000105A3 /* KLSSettingsView.swift */; };
		A28BD55D2BF286B0000105A3 /* KLSSettingsOption.swift in Sources */ = {isa = PBXBuildFile; fileRef = A28BD55C2BF286B0000105A3 /* KLSSettingsOption.swift */; };
		A28BD55F2BF2871D000105A3 /* KLSSettingsCellViewModel.swift in Sources */ = {isa = PBXBuildFile; fileRef = A28BD55E2BF2871D000105A3 /* KLSSettingsCellViewModel.swift */; };
		A28BD5612BF28757000105A3 /* KLSSettingsViewModel.swift in Sources */ = {isa = PBXBuildFile; fileRef = A28BD5602BF28757000105A3 /* KLSSettingsViewModel.swift */; };
		A28BD5642BF28980000105A3 /* Constants.swift in Sources */ = {isa = PBXBuildFile; fileRef = A28BD5632BF28980000105A3 /* Constants.swift */; };
		A28BD5662BF28A2F000105A3 /* KLSSettingsViewController.swift in Sources */ = {isa = PBXBuildFile; fileRef = A28BD5652BF28A2F000105A3 /* KLSSettingsViewController.swift */; };
		A29F610A2BE6733F00165F0F /* AppDelegate.swift in Sources */ = {isa = PBXBuildFile; fileRef = A29F61092BE6733F00165F0F /* AppDelegate.swift */; };
		A29F610C2BE6733F00165F0F /* SceneDelegate.swift in Sources */ = {isa = PBXBuildFile; fileRef = A29F610B2BE6733F00165F0F /* SceneDelegate.swift */; };
		A29F61132BE6734000165F0F /* Assets.xcassets in Resources */ = {isa = PBXBuildFile; fileRef = A29F61122BE6734000165F0F /* Assets.xcassets */; };
		A29F61162BE6734000165F0F /* Base in Resources */ = {isa = PBXBuildFile; fileRef = A29F61152BE6734000165F0F /* Base */; };
		A2A66C762CAF039F0082E95B /* AnimalsAnimation.json in Resources */ = {isa = PBXBuildFile; fileRef = A2A66C732CAF039F0082E95B /* AnimalsAnimation.json */; };
		A2BE9E422BE8EEEE004B28FE /* UIHelper.swift in Sources */ = {isa = PBXBuildFile; fileRef = A2BE9E412BE8EEEE004B28FE /* UIHelper.swift */; };
		A2EAAB0C2CB7BFD200F87B94 /* Localizable.strings in Resources */ = {isa = PBXBuildFile; fileRef = A2EAAB0A2CB7BFD200F87B94 /* Localizable.strings */; };
		A2F59A632CAD30A100CCEB05 /* KLSTabBarController.swift in Sources */ = {isa = PBXBuildFile; fileRef = A2F59A622CAD30A100CCEB05 /* KLSTabBarController.swift */; };
		A2F59A652CAD339300CCEB05 /* Extension+UIImage.swift in Sources */ = {isa = PBXBuildFile; fileRef = A2F59A642CAD339300CCEB05 /* Extension+UIImage.swift */; };
/* End PBXBuildFile section */

/* Begin PBXFileReference section */
		A20A74262BF745B900679788 /* KLSCircularProgressView.swift */ = {isa = PBXFileReference; lastKnownFileType = sourcecode.swift; path = KLSCircularProgressView.swift; sourceTree = "<group>"; };
		A20C57F32CB003D7000A7659 /* KLSNetworkManager.swift */ = {isa = PBXFileReference; lastKnownFileType = sourcecode.swift; path = KLSNetworkManager.swift; sourceTree = "<group>"; };
		A20C57F52CB0041C000A7659 /* KLSModel.swift */ = {isa = PBXFileReference; lastKnownFileType = sourcecode.swift; path = KLSModel.swift; sourceTree = "<group>"; };
		A20C57F72CB0048D000A7659 /* KLSListViewModel.swift */ = {isa = PBXFileReference; lastKnownFileType = sourcecode.swift; path = KLSListViewModel.swift; sourceTree = "<group>"; };
		A20C57F92CB0055E000A7659 /* KLSListViewController.swift */ = {isa = PBXFileReference; lastKnownFileType = sourcecode.swift; path = KLSListViewController.swift; sourceTree = "<group>"; };
		A20C57FB2CB0057A000A7659 /* KLSListCell.swift */ = {isa = PBXFileReference; lastKnownFileType = sourcecode.swift; path = KLSListCell.swift; sourceTree = "<group>"; };
		A20C57FD2CB008BE000A7659 /* SoundManager.swift */ = {isa = PBXFileReference; lastKnownFileType = sourcecode.swift; path = SoundManager.swift; sourceTree = "<group>"; };
		A20C57FF2CB01024000A7659 /* LoadingAnimation.json */ = {isa = PBXFileReference; lastKnownFileType = text.json; path = LoadingAnimation.json; sourceTree = "<group>"; };
		A20E5B3F2CB0336C006D515E /* KLSListCellViewModel.swift */ = {isa = PBXFileReference; lastKnownFileType = sourcecode.swift; path = KLSListCellViewModel.swift; sourceTree = "<group>"; };
		A247A67A2CAEA05A00F6EEEE /* KLSOnboardingViewController.swift */ = {isa = PBXFileReference; lastKnownFileType = sourcecode.swift; path = KLSOnboardingViewController.swift; sourceTree = "<group>"; };
		A247A67C2CAEA86200F6EEEE /* KLSButton.swift */ = {isa = PBXFileReference; lastKnownFileType = sourcecode.swift; path = KLSButton.swift; sourceTree = "<group>"; };
		A255B9D52CB4392E00C93AB8 /* KLSEndpoint.swift */ = {isa = PBXFileReference; lastKnownFileType = sourcecode.swift; path = KLSEndpoint.swift; sourceTree = "<group>"; };
		A255B9D72CB447B700C93AB8 /* AnimationManager.swift */ = {isa = PBXFileReference; lastKnownFileType = sourcecode.swift; path = AnimationManager.swift; sourceTree = "<group>"; };
		A25F6A182BE7A04700B1B877 /* KLSNameLabel.swift */ = {isa = PBXFileReference; lastKnownFileType = sourcecode.swift; path = KLSNameLabel.swift; sourceTree = "<group>"; };
		A25F6A1A2BE7A12600B1B877 /* KLSAvatarImageView.swift */ = {isa = PBXFileReference; lastKnownFileType = sourcecode.swift; path = KLSAvatarImageView.swift; sourceTree = "<group>"; };
		A26025AF2CB69494008A8CA2 /* KLSAlertContainerView.swift */ = {isa = PBXFileReference; lastKnownFileType = sourcecode.swift; path = KLSAlertContainerView.swift; sourceTree = "<group>"; };
		A26025B22CB694D3008A8CA2 /* KLSAlertViewController.swift */ = {isa = PBXFileReference; lastKnownFileType = sourcecode.swift; path = KLSAlertViewController.swift; sourceTree = "<group>"; };
		A26025B62CB69EAD008A8CA2 /* KLSError.swift */ = {isa = PBXFileReference; lastKnownFileType = sourcecode.swift; path = KLSError.swift; sourceTree = "<group>"; };
		A26090C02BEE60CD00A05FD8 /* Extension+UIViewController.swift */ = {isa = PBXFileReference; lastKnownFileType = sourcecode.swift; path = "Extension+UIViewController.swift"; sourceTree = "<group>"; };
		A26FCE1A2CB8489F0024726C /* StoreKit.framework */ = {isa = PBXFileReference; lastKnownFileType = wrapper.framework; name = StoreKit.framework; path = System/Library/Frameworks/StoreKit.framework; sourceTree = SDKROOT; };
		A27AF94D2CBCEFFA00E0B3E6 /* PenguinMusic.json */ = {isa = PBXFileReference; lastKnownFileType = text.json; path = PenguinMusic.json; sourceTree = "<group>"; };
		A27D58882CB9680400DE385E /* SycnedProducts.storekit */ = {isa = PBXFileReference; lastKnownFileType = text; path = SycnedProducts.storekit; sourceTree = "<group>"; };
		A27D588A2CB969D100DE385E /* StoreKitTestCertificate.cer */ = {isa = PBXFileReference; lastKnownFileType = file; path = StoreKitTestCertificate.cer; sourceTree = "<group>"; };
		A28BD5562BF285CC000105A3 /* KLSSettingsView.swift */ = {isa = PBXFileReference; lastKnownFileType = sourcecode.swift; path = KLSSettingsView.swift; sourceTree = "<group>"; };
		A28BD55C2BF286B0000105A3 /* KLSSettingsOption.swift */ = {isa = PBXFileReference; lastKnownFileType = sourcecode.swift; path = KLSSettingsOption.swift; sourceTree = "<group>"; };
		A28BD55E2BF2871D000105A3 /* KLSSettingsCellViewModel.swift */ = {isa = PBXFileReference; lastKnownFileType = sourcecode.swift; path = KLSSettingsCellViewModel.swift; sourceTree = "<group>"; };
		A28BD5602BF28757000105A3 /* KLSSettingsViewModel.swift */ = {isa = PBXFileReference; lastKnownFileType = sourcecode.swift; path = KLSSettingsViewModel.swift; sourceTree = "<group>"; };
		A28BD5632BF28980000105A3 /* Constants.swift */ = {isa = PBXFileReference; lastKnownFileType = sourcecode.swift; path = Constants.swift; sourceTree = "<group>"; };
		A28BD5652BF28A2F000105A3 /* KLSSettingsViewController.swift */ = {isa = PBXFileReference; lastKnownFileType = sourcecode.swift; path = KLSSettingsViewController.swift; sourceTree = "<group>"; };
		A28D0D9E2CC12EFD00C2EEFB /* it */ = {isa = PBXFileReference; lastKnownFileType = text.plist.strings; name = it; path = it.lproj/LaunchScreen.strings; sourceTree = "<group>"; };
		A28D0D9F2CC12EFD00C2EEFB /* it */ = {isa = PBXFileReference; lastKnownFileType = text.plist.strings; name = it; path = it.lproj/Localizable.strings; sourceTree = "<group>"; };
		A28D0DA02CC12F1B00C2EEFB /* ru */ = {isa = PBXFileReference; lastKnownFileType = text.plist.strings; name = ru; path = ru.lproj/LaunchScreen.strings; sourceTree = "<group>"; };
		A28D0DA12CC12F1B00C2EEFB /* ru */ = {isa = PBXFileReference; lastKnownFileType = text.plist.strings; name = ru; path = ru.lproj/Localizable.strings; sourceTree = "<group>"; };
		A29F61062BE6733F00165F0F /* Kids Learn Sounds.app */ = {isa = PBXFileReference; explicitFileType = wrapper.application; includeInIndex = 0; path = "Kids Learn Sounds.app"; sourceTree = BUILT_PRODUCTS_DIR; };
		A29F61092BE6733F00165F0F /* AppDelegate.swift */ = {isa = PBXFileReference; lastKnownFileType = sourcecode.swift; path = AppDelegate.swift; sourceTree = "<group>"; };
		A29F610B2BE6733F00165F0F /* SceneDelegate.swift */ = {isa = PBXFileReference; lastKnownFileType = sourcecode.swift; path = SceneDelegate.swift; sourceTree = "<group>"; };
		A29F61122BE6734000165F0F /* Assets.xcassets */ = {isa = PBXFileReference; lastKnownFileType = folder.assetcatalog; path = Assets.xcassets; sourceTree = "<group>"; };
		A29F61152BE6734000165F0F /* Base */ = {isa = PBXFileReference; lastKnownFileType = file.storyboard; name = Base; path = Base.lproj/LaunchScreen.storyboard; sourceTree = "<group>"; };
		A29F61172BE6734000165F0F /* Info.plist */ = {isa = PBXFileReference; lastKnownFileType = text.plist.xml; path = Info.plist; sourceTree = "<group>"; };
		A2A66C732CAF039F0082E95B /* AnimalsAnimation.json */ = {isa = PBXFileReference; lastKnownFileType = text.json; path = AnimalsAnimation.json; sourceTree = "<group>"; };
		A2BE9E412BE8EEEE004B28FE /* UIHelper.swift */ = {isa = PBXFileReference; lastKnownFileType = sourcecode.swift; path = UIHelper.swift; sourceTree = "<group>"; };
		A2E1A1752CC0F4B4003803C0 /* fr */ = {isa = PBXFileReference; lastKnownFileType = text.plist.strings; name = fr; path = fr.lproj/LaunchScreen.strings; sourceTree = "<group>"; };
		A2E1A1762CC0F4B4003803C0 /* fr */ = {isa = PBXFileReference; lastKnownFileType = text.plist.strings; name = fr; path = fr.lproj/Localizable.strings; sourceTree = "<group>"; };
		A2E1A1772CC0F4CC003803C0 /* es */ = {isa = PBXFileReference; lastKnownFileType = text.plist.strings; name = es; path = es.lproj/LaunchScreen.strings; sourceTree = "<group>"; };
		A2E1A1782CC0F4CC003803C0 /* es */ = {isa = PBXFileReference; lastKnownFileType = text.plist.strings; name = es; path = es.lproj/Localizable.strings; sourceTree = "<group>"; };
		A2E1A17B2CC11A82003803C0 /* zh-Hans */ = {isa = PBXFileReference; lastKnownFileType = text.plist.strings; name = "zh-Hans"; path = "zh-Hans.lproj/LaunchScreen.strings"; sourceTree = "<group>"; };
		A2E1A17C2CC11A82003803C0 /* zh-Hans */ = {isa = PBXFileReference; lastKnownFileType = text.plist.strings; name = "zh-Hans"; path = "zh-Hans.lproj/Localizable.strings"; sourceTree = "<group>"; };
		A2E1A17D2CC11A87003803C0 /* de */ = {isa = PBXFileReference; lastKnownFileType = text.plist.strings; name = de; path = de.lproj/LaunchScreen.strings; sourceTree = "<group>"; };
		A2E1A17E2CC11A87003803C0 /* de */ = {isa = PBXFileReference; lastKnownFileType = text.plist.strings; name = de; path = de.lproj/Localizable.strings; sourceTree = "<group>"; };
		A2E1A17F2CC11A99003803C0 /* hi */ = {isa = PBXFileReference; lastKnownFileType = text.plist.strings; name = hi; path = hi.lproj/LaunchScreen.strings; sourceTree = "<group>"; };
		A2E1A1802CC11A99003803C0 /* hi */ = {isa = PBXFileReference; lastKnownFileType = text.plist.strings; name = hi; path = hi.lproj/Localizable.strings; sourceTree = "<group>"; };
		A2E1A1812CC11AA5003803C0 /* ja */ = {isa = PBXFileReference; lastKnownFileType = text.plist.strings; name = ja; path = ja.lproj/LaunchScreen.strings; sourceTree = "<group>"; };
		A2E1A1822CC11AA5003803C0 /* ja */ = {isa = PBXFileReference; lastKnownFileType = text.plist.strings; name = ja; path = ja.lproj/Localizable.strings; sourceTree = "<group>"; };
		A2EAAB092CB7BFBB00F87B94 /* tr */ = {isa = PBXFileReference; lastKnownFileType = text.plist.strings; name = tr; path = tr.lproj/LaunchScreen.strings; sourceTree = "<group>"; };
		A2EAAB0B2CB7BFD200F87B94 /* en */ = {isa = PBXFileReference; lastKnownFileType = text.plist.strings; name = en; path = en.lproj/Localizable.strings; sourceTree = "<group>"; };
		A2EAAB0D2CB7BFDB00F87B94 /* tr */ = {isa = PBXFileReference; lastKnownFileType = text.plist.strings; name = tr; path = tr.lproj/Localizable.strings; sourceTree = "<group>"; };
		A2F59A622CAD30A100CCEB05 /* KLSTabBarController.swift */ = {isa = PBXFileReference; lastKnownFileType = sourcecode.swift; path = KLSTabBarController.swift; sourceTree = "<group>"; };
		A2F59A642CAD339300CCEB05 /* Extension+UIImage.swift */ = {isa = PBXFileReference; lastKnownFileType = sourcecode.swift; path = "Extension+UIImage.swift"; sourceTree = "<group>"; };
/* End PBXFileReference section */

/* Begin PBXFrameworksBuildPhase section */
		A29F61032BE6733F00165F0F /* Frameworks */ = {
			isa = PBXFrameworksBuildPhase;
			buildActionMask = 2147483647;
			files = (
				A20C57F12CB00395000A7659 /* Kingfisher in Frameworks */,
				A20C57EE2CB00382000A7659 /* Alamofire in Frameworks */,
				A26FCE1E2CB8495A0024726C /* RevenueCat in Frameworks */,
				A25F6A162BE79DAB00B1B877 /* SnapKit in Frameworks */,
				A26FCE202CB8495A0024726C /* RevenueCatUI in Frameworks */,
				A26FCE1B2CB8489F0024726C /* StoreKit.framework in Frameworks */,
				A247A6782CAEA03A00F6EEEE /* Lottie in Frameworks */,
				A26025BA2CB6A862008A8CA2 /* SkeletonView in Frameworks */,
			);
			runOnlyForDeploymentPostprocessing = 0;
		};
/* End PBXFrameworksBuildPhase section */

/* Begin PBXGroup section */
		A20C57F22CB003C6000A7659 /* Networking */ = {
			isa = PBXGroup;
			children = (
				A20C57F32CB003D7000A7659 /* KLSNetworkManager.swift */,
				A255B9D52CB4392E00C93AB8 /* KLSEndpoint.swift */,
				A26025B62CB69EAD008A8CA2 /* KLSError.swift */,
			);
			path = Networking;
			sourceTree = "<group>";
		};
		A247A6792CAEA04000F6EEEE /* Onboarding */ = {
			isa = PBXGroup;
			children = (
				A247A67A2CAEA05A00F6EEEE /* KLSOnboardingViewController.swift */,
			);
			path = Onboarding;
			sourceTree = "<group>";
		};
		A25F6A0F2BE79D4900B1B877 /* Cells */ = {
			isa = PBXGroup;
			children = (
				A20C57FB2CB0057A000A7659 /* KLSListCell.swift */,
			);
			path = Cells;
			sourceTree = "<group>";
		};
		A25F6A172BE7A00800B1B877 /* ReusableViews */ = {
			isa = PBXGroup;
			children = (
				A25F6A182BE7A04700B1B877 /* KLSNameLabel.swift */,
				A25F6A1A2BE7A12600B1B877 /* KLSAvatarImageView.swift */,
				A247A67C2CAEA86200F6EEEE /* KLSButton.swift */,
				A26025AF2CB69494008A8CA2 /* KLSAlertContainerView.swift */,
			);
			path = ReusableViews;
			sourceTree = "<group>";
		};
		A26025B12CB694B0008A8CA2 /* Alert */ = {
			isa = PBXGroup;
			children = (
				A26025B22CB694D3008A8CA2 /* KLSAlertViewController.swift */,
			);
			path = Alert;
			sourceTree = "<group>";
		};
		A26FCE192CB8489F0024726C /* Frameworks */ = {
			isa = PBXGroup;
			children = (
				A26FCE1A2CB8489F0024726C /* StoreKit.framework */,
			);
			name = Frameworks;
			sourceTree = "<group>";
		};
		A27AF94C2CBCED3800E0B3E6 /* LottieAnimations */ = {
			isa = PBXGroup;
			children = (
				A27AF94D2CBCEFFA00E0B3E6 /* PenguinMusic.json */,
				A20C57FF2CB01024000A7659 /* LoadingAnimation.json */,
				A2A66C732CAF039F0082E95B /* AnimalsAnimation.json */,
			);
			path = LottieAnimations;
			sourceTree = "<group>";
		};
		A27B86302BEA3972008CE005 /* Managers */ = {
			isa = PBXGroup;
			children = (
				A20C57FD2CB008BE000A7659 /* SoundManager.swift */,
				A255B9D72CB447B700C93AB8 /* AnimationManager.swift */,
			);
			path = Managers;
			sourceTree = "<group>";
		};
		A2887FDB2BE799B6001DA96A /* Models */ = {
			isa = PBXGroup;
			children = (
				A20C57F52CB0041C000A7659 /* KLSModel.swift */,
			);
			path = Models;
			sourceTree = "<group>";
		};
		A28BD5552BF285B9000105A3 /* Settings */ = {
			isa = PBXGroup;
			children = (
				A28BD55B2BF2868C000105A3 /* Model */,
				A28BD55A2BF28685000105A3 /* View */,
				A28BD5592BF2866C000105A3 /* ViewModel */,
			);
			path = Settings;
			sourceTree = "<group>";
		};
		A28BD5592BF2866C000105A3 /* ViewModel */ = {
			isa = PBXGroup;
			children = (
				A28BD55E2BF2871D000105A3 /* KLSSettingsCellViewModel.swift */,
				A28BD5602BF28757000105A3 /* KLSSettingsViewModel.swift */,
			);
			path = ViewModel;
			sourceTree = "<group>";
		};
		A28BD55A2BF28685000105A3 /* View */ = {
			isa = PBXGroup;
			children = (
				A28BD5672BF28A69000105A3 /* Controllers */,
				A28BD5562BF285CC000105A3 /* KLSSettingsView.swift */,
			);
			path = View;
			sourceTree = "<group>";
		};
		A28BD55B2BF2868C000105A3 /* Model */ = {
			isa = PBXGroup;
			children = (
				A28BD55C2BF286B0000105A3 /* KLSSettingsOption.swift */,
			);
			path = Model;
			sourceTree = "<group>";
		};
		A28BD5622BF28973000105A3 /* Utilities */ = {
			isa = PBXGroup;
			children = (
				A28BD5632BF28980000105A3 /* Constants.swift */,
			);
			path = Utilities;
			sourceTree = "<group>";
		};
		A28BD5672BF28A69000105A3 /* Controllers */ = {
			isa = PBXGroup;
			children = (
				A28BD5652BF28A2F000105A3 /* KLSSettingsViewController.swift */,
			);
			path = Controllers;
			sourceTree = "<group>";
		};
		A29F60FD2BE6733F00165F0F = {
			isa = PBXGroup;
			children = (
				A29F61082BE6733F00165F0F /* Animal Sounds */,
				A26FCE192CB8489F0024726C /* Frameworks */,
				A29F61072BE6733F00165F0F /* Products */,
			);
			sourceTree = "<group>";
		};
		A29F61072BE6733F00165F0F /* Products */ = {
			isa = PBXGroup;
			children = (
				A29F61062BE6733F00165F0F /* Kids Learn Sounds.app */,
			);
			name = Products;
			sourceTree = "<group>";
		};
		A29F61082BE6733F00165F0F /* Animal Sounds */ = {
			isa = PBXGroup;
			children = (
				A20C57F22CB003C6000A7659 /* Networking */,
				A247A6792CAEA04000F6EEEE /* Onboarding */,
				A2887FDB2BE799B6001DA96A /* Models */,
				A2F59A5B2CAD214400CCEB05 /* ViewModels */,
				A2C5026E2BEB586F008FAC3C /* Views */,
				A27B86302BEA3972008CE005 /* Managers */,
				A2BE9E432BE8EEF1004B28FE /* Helpers */,
				A28BD5552BF285B9000105A3 /* Settings */,
				A28BD5622BF28973000105A3 /* Utilities */,
				A29F61212BE674B100165F0F /* Resources */,
				A29F61172BE6734000165F0F /* Info.plist */,
				A2EAAB0A2CB7BFD200F87B94 /* Localizable.strings */,
				A27D58882CB9680400DE385E /* SycnedProducts.storekit */,
				A27D588A2CB969D100DE385E /* StoreKitTestCertificate.cer */,
			);
			path = "Animal Sounds";
			sourceTree = "<group>";
		};
		A29F61212BE674B100165F0F /* Resources */ = {
			isa = PBXGroup;
			children = (
				A27AF94C2CBCED3800E0B3E6 /* LottieAnimations */,
				A29F610B2BE6733F00165F0F /* SceneDelegate.swift */,
				A29F61092BE6733F00165F0F /* AppDelegate.swift */,
				A29F61122BE6734000165F0F /* Assets.xcassets */,
				A29F61142BE6734000165F0F /* LaunchScreen.storyboard */,
			);
			path = Resources;
			sourceTree = "<group>";
		};
		A29F61222BE676BE00165F0F /* Controllers */ = {
			isa = PBXGroup;
			children = (
				A26025B12CB694B0008A8CA2 /* Alert */,
				A2C502742BEB5B7E008FAC3C /* ViewControllers */,
				A2BE9E472BE908E0004B28FE /* TabBar */,
			);
			path = Controllers;
			sourceTree = "<group>";
		};
		A2BE9E432BE8EEF1004B28FE /* Helpers */ = {
			isa = PBXGroup;
			children = (
				A2BE9E412BE8EEEE004B28FE /* UIHelper.swift */,
				A26090C02BEE60CD00A05FD8 /* Extension+UIViewController.swift */,
				A20A74262BF745B900679788 /* KLSCircularProgressView.swift */,
				A2F59A642CAD339300CCEB05 /* Extension+UIImage.swift */,
			);
			path = Helpers;
			sourceTree = "<group>";
		};
		A2BE9E472BE908E0004B28FE /* TabBar */ = {
			isa = PBXGroup;
			children = (
				A2F59A622CAD30A100CCEB05 /* KLSTabBarController.swift */,
			);
			path = TabBar;
			sourceTree = "<group>";
		};
		A2C5026E2BEB586F008FAC3C /* Views */ = {
			isa = PBXGroup;
			children = (
				A25F6A172BE7A00800B1B877 /* ReusableViews */,
				A25F6A0F2BE79D4900B1B877 /* Cells */,
				A29F61222BE676BE00165F0F /* Controllers */,
			);
			path = Views;
			sourceTree = "<group>";
		};
		A2C502742BEB5B7E008FAC3C /* ViewControllers */ = {
			isa = PBXGroup;
			children = (
				A20C57F92CB0055E000A7659 /* KLSListViewController.swift */,
			);
			path = ViewControllers;
			sourceTree = "<group>";
		};
		A2F59A5B2CAD214400CCEB05 /* ViewModels */ = {
			isa = PBXGroup;
			children = (
				A20C57F72CB0048D000A7659 /* KLSListViewModel.swift */,
				A20E5B3F2CB0336C006D515E /* KLSListCellViewModel.swift */,
			);
			path = ViewModels;
			sourceTree = "<group>";
		};
/* End PBXGroup section */

/* Begin PBXNativeTarget section */
		A29F61052BE6733F00165F0F /* Animal Sounds */ = {
			isa = PBXNativeTarget;
			buildConfigurationList = A29F611A2BE6734000165F0F /* Build configuration list for PBXNativeTarget "Animal Sounds" */;
			buildPhases = (
				A29F61022BE6733F00165F0F /* Sources */,
				A29F61032BE6733F00165F0F /* Frameworks */,
				A29F61042BE6733F00165F0F /* Resources */,
			);
			buildRules = (
			);
			dependencies = (
			);
			name = "Animal Sounds";
			packageProductDependencies = (
				A25F6A152BE79DAB00B1B877 /* SnapKit */,
				A247A6772CAEA03A00F6EEEE /* Lottie */,
				A20C57ED2CB00382000A7659 /* Alamofire */,
				A20C57F02CB00395000A7659 /* Kingfisher */,
				A26025B92CB6A862008A8CA2 /* SkeletonView */,
				A26FCE1D2CB8495A0024726C /* RevenueCat */,
				A26FCE1F2CB8495A0024726C /* RevenueCatUI */,
			);
			productName = "Animal Sounds";
			productReference = A29F61062BE6733F00165F0F /* Kids Learn Sounds.app */;
			productType = "com.apple.product-type.application";
		};
/* End PBXNativeTarget section */

/* Begin PBXProject section */
		A29F60FE2BE6733F00165F0F /* Project object */ = {
			isa = PBXProject;
			attributes = {
				BuildIndependentTargetsInParallel = 1;
				LastSwiftUpdateCheck = 1530;
				LastUpgradeCheck = 1530;
				TargetAttributes = {
					A29F61052BE6733F00165F0F = {
						CreatedOnToolsVersion = 15.3;
					};
				};
			};
			buildConfigurationList = A29F61012BE6733F00165F0F /* Build configuration list for PBXProject "Animal Sounds" */;
			compatibilityVersion = "Xcode 14.0";
			developmentRegion = en;
			hasScannedForEncodings = 0;
			knownRegions = (
				en,
				Base,
				tr,
				fr,
				es,
				"zh-Hans",
				de,
				hi,
				ja,
				it,
				ru,
			);
			mainGroup = A29F60FD2BE6733F00165F0F;
			packageReferences = (
				A25F6A142BE79DAB00B1B877 /* XCRemoteSwiftPackageReference "SnapKit" */,
				A247A6762CAEA03A00F6EEEE /* XCRemoteSwiftPackageReference "lottie-ios" */,
				A20C57EC2CB00382000A7659 /* XCRemoteSwiftPackageReference "Alamofire" */,
				A20C57EF2CB00395000A7659 /* XCRemoteSwiftPackageReference "Kingfisher" */,
				A26025B82CB6A862008A8CA2 /* XCRemoteSwiftPackageReference "SkeletonView" */,
				A26FCE1C2CB8495A0024726C /* XCRemoteSwiftPackageReference "purchases-ios" */,
			);
			productRefGroup = A29F61072BE6733F00165F0F /* Products */;
			projectDirPath = "";
			projectRoot = "";
			targets = (
				A29F61052BE6733F00165F0F /* Animal Sounds */,
			);
		};
/* End PBXProject section */

/* Begin PBXResourcesBuildPhase section */
		A29F61042BE6733F00165F0F /* Resources */ = {
			isa = PBXResourcesBuildPhase;
			buildActionMask = 2147483647;
			files = (
				A27AF94E2CBCEFFA00E0B3E6 /* PenguinMusic.json in Resources */,
				A27D58892CB9680400DE385E /* SycnedProducts.storekit in Resources */,
				A2EAAB0C2CB7BFD200F87B94 /* Localizable.strings in Resources */,
				A27D588B2CB969D100DE385E /* StoreKitTestCertificate.cer in Resources */,
				A2A66C762CAF039F0082E95B /* AnimalsAnimation.json in Resources */,
				A29F61132BE6734000165F0F /* Assets.xcassets in Resources */,
				A20C58002CB01024000A7659 /* LoadingAnimation.json in Resources */,
				A29F61162BE6734000165F0F /* Base in Resources */,
			);
			runOnlyForDeploymentPostprocessing = 0;
		};
/* End PBXResourcesBuildPhase section */

/* Begin PBXSourcesBuildPhase section */
		A29F61022BE6733F00165F0F /* Sources */ = {
			isa = PBXSourcesBuildPhase;
			buildActionMask = 2147483647;
			files = (
				A20C57F42CB003D7000A7659 /* KLSNetworkManager.swift in Sources */,
				A247A67B2CAEA05A00F6EEEE /* KLSOnboardingViewController.swift in Sources */,
				A26090C12BEE60CD00A05FD8 /* Extension+UIViewController.swift in Sources */,
				A20C57F62CB0041C000A7659 /* KLSModel.swift in Sources */,
				A25F6A1B2BE7A12600B1B877 /* KLSAvatarImageView.swift in Sources */,
				A2F59A632CAD30A100CCEB05 /* KLSTabBarController.swift in Sources */,
				A255B9D82CB447B700C93AB8 /* AnimationManager.swift in Sources */,
				A28BD5612BF28757000105A3 /* KLSSettingsViewModel.swift in Sources */,
				A20C57FC2CB0057A000A7659 /* KLSListCell.swift in Sources */,
				A26025B02CB69494008A8CA2 /* KLSAlertContainerView.swift in Sources */,
				A20E5B402CB0336C006D515E /* KLSListCellViewModel.swift in Sources */,
				A247A67D2CAEA86200F6EEEE /* KLSButton.swift in Sources */,
				A2F59A652CAD339300CCEB05 /* Extension+UIImage.swift in Sources */,
				A28BD55F2BF2871D000105A3 /* KLSSettingsCellViewModel.swift in Sources */,
				A26025B32CB694D3008A8CA2 /* KLSAlertViewController.swift in Sources */,
				A2BE9E422BE8EEEE004B28FE /* UIHelper.swift in Sources */,
				A26025B72CB69EAD008A8CA2 /* KLSError.swift in Sources */,
				A28BD55D2BF286B0000105A3 /* KLSSettingsOption.swift in Sources */,
				A20C57FA2CB0055E000A7659 /* KLSListViewController.swift in Sources */,
				A20C57F82CB0048D000A7659 /* KLSListViewModel.swift in Sources */,
				A28BD5642BF28980000105A3 /* Constants.swift in Sources */,
				A29F610A2BE6733F00165F0F /* AppDelegate.swift in Sources */,
				A28BD5572BF285CC000105A3 /* KLSSettingsView.swift in Sources */,
				A28BD5662BF28A2F000105A3 /* KLSSettingsViewController.swift in Sources */,
				A255B9D62CB4392E00C93AB8 /* KLSEndpoint.swift in Sources */,
				A29F610C2BE6733F00165F0F /* SceneDelegate.swift in Sources */,
				A20C57FE2CB008BE000A7659 /* SoundManager.swift in Sources */,
				A25F6A192BE7A04700B1B877 /* KLSNameLabel.swift in Sources */,
				A20A74272BF745B900679788 /* KLSCircularProgressView.swift in Sources */,
			);
			runOnlyForDeploymentPostprocessing = 0;
		};
/* End PBXSourcesBuildPhase section */

/* Begin PBXVariantGroup section */
		A29F61142BE6734000165F0F /* LaunchScreen.storyboard */ = {
			isa = PBXVariantGroup;
			children = (
				A29F61152BE6734000165F0F /* Base */,
				A2EAAB092CB7BFBB00F87B94 /* tr */,
				A2E1A1752CC0F4B4003803C0 /* fr */,
				A2E1A1772CC0F4CC003803C0 /* es */,
				A2E1A17B2CC11A82003803C0 /* zh-Hans */,
				A2E1A17D2CC11A87003803C0 /* de */,
				A2E1A17F2CC11A99003803C0 /* hi */,
				A2E1A1812CC11AA5003803C0 /* ja */,
				A28D0D9E2CC12EFD00C2EEFB /* it */,
				A28D0DA02CC12F1B00C2EEFB /* ru */,
			);
			name = LaunchScreen.storyboard;
			sourceTree = "<group>";
		};
		A2EAAB0A2CB7BFD200F87B94 /* Localizable.strings */ = {
			isa = PBXVariantGroup;
			children = (
				A2EAAB0B2CB7BFD200F87B94 /* en */,
				A2EAAB0D2CB7BFDB00F87B94 /* tr */,
				A2E1A1762CC0F4B4003803C0 /* fr */,
				A2E1A1782CC0F4CC003803C0 /* es */,
				A2E1A17C2CC11A82003803C0 /* zh-Hans */,
				A2E1A17E2CC11A87003803C0 /* de */,
				A2E1A1802CC11A99003803C0 /* hi */,
				A2E1A1822CC11AA5003803C0 /* ja */,
				A28D0D9F2CC12EFD00C2EEFB /* it */,
				A28D0DA12CC12F1B00C2EEFB /* ru */,
			);
			name = Localizable.strings;
			sourceTree = "<group>";
		};
/* End PBXVariantGroup section */

/* Begin XCBuildConfiguration section */
		A29F61182BE6734000165F0F /* Debug */ = {
			isa = XCBuildConfiguration;
			buildSettings = {
				ALWAYS_SEARCH_USER_PATHS = NO;
				ASSETCATALOG_COMPILER_GENERATE_SWIFT_ASSET_SYMBOL_EXTENSIONS = YES;
				CLANG_ANALYZER_LOCALIZABILITY_NONLOCALIZED = YES;
				CLANG_ANALYZER_NONNULL = YES;
				CLANG_ANALYZER_NUMBER_OBJECT_CONVERSION = YES_AGGRESSIVE;
				CLANG_CXX_LANGUAGE_STANDARD = "gnu++20";
				CLANG_ENABLE_MODULES = YES;
				CLANG_ENABLE_OBJC_ARC = YES;
				CLANG_ENABLE_OBJC_WEAK = YES;
				CLANG_WARN_BLOCK_CAPTURE_AUTORELEASING = YES;
				CLANG_WARN_BOOL_CONVERSION = YES;
				CLANG_WARN_COMMA = YES;
				CLANG_WARN_CONSTANT_CONVERSION = YES;
				CLANG_WARN_DEPRECATED_OBJC_IMPLEMENTATIONS = YES;
				CLANG_WARN_DIRECT_OBJC_ISA_USAGE = YES_ERROR;
				CLANG_WARN_DOCUMENTATION_COMMENTS = YES;
				CLANG_WARN_EMPTY_BODY = YES;
				CLANG_WARN_ENUM_CONVERSION = YES;
				CLANG_WARN_INFINITE_RECURSION = YES;
				CLANG_WARN_INT_CONVERSION = YES;
				CLANG_WARN_NON_LITERAL_NULL_CONVERSION = YES;
				CLANG_WARN_OBJC_IMPLICIT_RETAIN_SELF = YES;
				CLANG_WARN_OBJC_LITERAL_CONVERSION = YES;
				CLANG_WARN_OBJC_ROOT_CLASS = YES_ERROR;
				CLANG_WARN_QUOTED_INCLUDE_IN_FRAMEWORK_HEADER = YES;
				CLANG_WARN_RANGE_LOOP_ANALYSIS = YES;
				CLANG_WARN_STRICT_PROTOTYPES = YES;
				CLANG_WARN_SUSPICIOUS_MOVE = YES;
				CLANG_WARN_UNGUARDED_AVAILABILITY = YES_AGGRESSIVE;
				CLANG_WARN_UNREACHABLE_CODE = YES;
				CLANG_WARN__DUPLICATE_METHOD_MATCH = YES;
				COPY_PHASE_STRIP = NO;
				DEBUG_INFORMATION_FORMAT = dwarf;
				ENABLE_STRICT_OBJC_MSGSEND = YES;
				ENABLE_TESTABILITY = YES;
				ENABLE_USER_SCRIPT_SANDBOXING = YES;
				GCC_C_LANGUAGE_STANDARD = gnu17;
				GCC_DYNAMIC_NO_PIC = NO;
				GCC_NO_COMMON_BLOCKS = YES;
				GCC_OPTIMIZATION_LEVEL = 0;
				GCC_PREPROCESSOR_DEFINITIONS = (
					"DEBUG=1",
					"$(inherited)",
				);
				GCC_WARN_64_TO_32_BIT_CONVERSION = YES;
				GCC_WARN_ABOUT_RETURN_TYPE = YES_ERROR;
				GCC_WARN_UNDECLARED_SELECTOR = YES;
				GCC_WARN_UNINITIALIZED_AUTOS = YES_AGGRESSIVE;
				GCC_WARN_UNUSED_FUNCTION = YES;
				GCC_WARN_UNUSED_VARIABLE = YES;
				IPHONEOS_DEPLOYMENT_TARGET = 15.0;
				LOCALIZATION_PREFERS_STRING_CATALOGS = YES;
				MTL_ENABLE_DEBUG_INFO = INCLUDE_SOURCE;
				MTL_FAST_MATH = YES;
				ONLY_ACTIVE_ARCH = YES;
				SDKROOT = iphoneos;
				SWIFT_ACTIVE_COMPILATION_CONDITIONS = "DEBUG $(inherited)";
				SWIFT_OPTIMIZATION_LEVEL = "-Onone";
			};
			name = Debug;
		};
		A29F61192BE6734000165F0F /* Release */ = {
			isa = XCBuildConfiguration;
			buildSettings = {
				ALWAYS_SEARCH_USER_PATHS = NO;
				ASSETCATALOG_COMPILER_GENERATE_SWIFT_ASSET_SYMBOL_EXTENSIONS = YES;
				CLANG_ANALYZER_LOCALIZABILITY_NONLOCALIZED = YES;
				CLANG_ANALYZER_NONNULL = YES;
				CLANG_ANALYZER_NUMBER_OBJECT_CONVERSION = YES_AGGRESSIVE;
				CLANG_CXX_LANGUAGE_STANDARD = "gnu++20";
				CLANG_ENABLE_MODULES = YES;
				CLANG_ENABLE_OBJC_ARC = YES;
				CLANG_ENABLE_OBJC_WEAK = YES;
				CLANG_WARN_BLOCK_CAPTURE_AUTORELEASING = YES;
				CLANG_WARN_BOOL_CONVERSION = YES;
				CLANG_WARN_COMMA = YES;
				CLANG_WARN_CONSTANT_CONVERSION = YES;
				CLANG_WARN_DEPRECATED_OBJC_IMPLEMENTATIONS = YES;
				CLANG_WARN_DIRECT_OBJC_ISA_USAGE = YES_ERROR;
				CLANG_WARN_DOCUMENTATION_COMMENTS = YES;
				CLANG_WARN_EMPTY_BODY = YES;
				CLANG_WARN_ENUM_CONVERSION = YES;
				CLANG_WARN_INFINITE_RECURSION = YES;
				CLANG_WARN_INT_CONVERSION = YES;
				CLANG_WARN_NON_LITERAL_NULL_CONVERSION = YES;
				CLANG_WARN_OBJC_IMPLICIT_RETAIN_SELF = YES;
				CLANG_WARN_OBJC_LITERAL_CONVERSION = YES;
				CLANG_WARN_OBJC_ROOT_CLASS = YES_ERROR;
				CLANG_WARN_QUOTED_INCLUDE_IN_FRAMEWORK_HEADER = YES;
				CLANG_WARN_RANGE_LOOP_ANALYSIS = YES;
				CLANG_WARN_STRICT_PROTOTYPES = YES;
				CLANG_WARN_SUSPICIOUS_MOVE = YES;
				CLANG_WARN_UNGUARDED_AVAILABILITY = YES_AGGRESSIVE;
				CLANG_WARN_UNREACHABLE_CODE = YES;
				CLANG_WARN__DUPLICATE_METHOD_MATCH = YES;
				COPY_PHASE_STRIP = NO;
				DEBUG_INFORMATION_FORMAT = "dwarf-with-dsym";
				ENABLE_NS_ASSERTIONS = NO;
				ENABLE_STRICT_OBJC_MSGSEND = YES;
				ENABLE_USER_SCRIPT_SANDBOXING = YES;
				GCC_C_LANGUAGE_STANDARD = gnu17;
				GCC_NO_COMMON_BLOCKS = YES;
				GCC_WARN_64_TO_32_BIT_CONVERSION = YES;
				GCC_WARN_ABOUT_RETURN_TYPE = YES_ERROR;
				GCC_WARN_UNDECLARED_SELECTOR = YES;
				GCC_WARN_UNINITIALIZED_AUTOS = YES_AGGRESSIVE;
				GCC_WARN_UNUSED_FUNCTION = YES;
				GCC_WARN_UNUSED_VARIABLE = YES;
				IPHONEOS_DEPLOYMENT_TARGET = 15.0;
				LOCALIZATION_PREFERS_STRING_CATALOGS = YES;
				MTL_ENABLE_DEBUG_INFO = NO;
				MTL_FAST_MATH = YES;
				SDKROOT = iphoneos;
				SWIFT_COMPILATION_MODE = wholemodule;
				VALIDATE_PRODUCT = YES;
			};
			name = Release;
		};
		A29F611B2BE6734000165F0F /* Debug */ = {
			isa = XCBuildConfiguration;
			buildSettings = {
				ASSETCATALOG_COMPILER_APPICON_NAME = AppIcon;
				ASSETCATALOG_COMPILER_GLOBAL_ACCENT_COLOR_NAME = AccentColor;
				CODE_SIGN_STYLE = Automatic;
				CURRENT_PROJECT_VERSION = 1;
				DEVELOPMENT_TEAM = 79CS75S5DL;
				GENERATE_INFOPLIST_FILE = YES;
				INFOPLIST_FILE = "Animal Sounds/Info.plist";
				INFOPLIST_KEY_UIApplicationSupportsIndirectInputEvents = YES;
				INFOPLIST_KEY_UILaunchStoryboardName = LaunchScreen;
				INFOPLIST_KEY_UIRequiresFullScreen = YES;
				INFOPLIST_KEY_UISupportedInterfaceOrientations = UIInterfaceOrientationPortrait;
				LD_RUNPATH_SEARCH_PATHS = (
					"$(inherited)",
					"@executable_path/Frameworks",
				);
				MARKETING_VERSION = 0.6;
				PRODUCT_BUNDLE_IDENTIFIER = "com.celilcagataygedik.Kids-Learn-Sounds";
				PRODUCT_NAME = "Kids Learn Sounds";
				SUPPORTED_PLATFORMS = "iphoneos iphonesimulator";
				SUPPORTS_MACCATALYST = NO;
				SUPPORTS_MAC_DESIGNED_FOR_IPHONE_IPAD = NO;
				SUPPORTS_XR_DESIGNED_FOR_IPHONE_IPAD = NO;
				SWIFT_EMIT_LOC_STRINGS = YES;
				SWIFT_VERSION = 5.0;
				TARGETED_DEVICE_FAMILY = "1,2";
			};
			name = Debug;
		};
		A29F611C2BE6734000165F0F /* Release */ = {
			isa = XCBuildConfiguration;
			buildSettings = {
				ASSETCATALOG_COMPILER_APPICON_NAME = AppIcon;
				ASSETCATALOG_COMPILER_GLOBAL_ACCENT_COLOR_NAME = AccentColor;
				CODE_SIGN_STYLE = Automatic;
				CURRENT_PROJECT_VERSION = 1;
				DEVELOPMENT_TEAM = 79CS75S5DL;
				GENERATE_INFOPLIST_FILE = YES;
				INFOPLIST_FILE = "Animal Sounds/Info.plist";
				INFOPLIST_KEY_UIApplicationSupportsIndirectInputEvents = YES;
				INFOPLIST_KEY_UILaunchStoryboardName = LaunchScreen;
				INFOPLIST_KEY_UIRequiresFullScreen = YES;
				INFOPLIST_KEY_UISupportedInterfaceOrientations = UIInterfaceOrientationPortrait;
				LD_RUNPATH_SEARCH_PATHS = (
					"$(inherited)",
					"@executable_path/Frameworks",
				);
				MARKETING_VERSION = 0.6;
				PRODUCT_BUNDLE_IDENTIFIER = "com.celilcagataygedik.Kids-Learn-Sounds";
				PRODUCT_NAME = "Kids Learn Sounds";
				SUPPORTED_PLATFORMS = "iphoneos iphonesimulator";
				SUPPORTS_MACCATALYST = NO;
				SUPPORTS_MAC_DESIGNED_FOR_IPHONE_IPAD = NO;
				SUPPORTS_XR_DESIGNED_FOR_IPHONE_IPAD = NO;
				SWIFT_EMIT_LOC_STRINGS = YES;
				SWIFT_VERSION = 5.0;
				TARGETED_DEVICE_FAMILY = "1,2";
			};
			name = Release;
		};
/* End XCBuildConfiguration section */

/* Begin XCConfigurationList section */
		A29F61012BE6733F00165F0F /* Build configuration list for PBXProject "Animal Sounds" */ = {
			isa = XCConfigurationList;
			buildConfigurations = (
				A29F61182BE6734000165F0F /* Debug */,
				A29F61192BE6734000165F0F /* Release */,
			);
			defaultConfigurationIsVisible = 0;
			defaultConfigurationName = Release;
		};
		A29F611A2BE6734000165F0F /* Build configuration list for PBXNativeTarget "Animal Sounds" */ = {
			isa = XCConfigurationList;
			buildConfigurations = (
				A29F611B2BE6734000165F0F /* Debug */,
				A29F611C2BE6734000165F0F /* Release */,
			);
			defaultConfigurationIsVisible = 0;
			defaultConfigurationName = Release;
		};
/* End XCConfigurationList section */

/* Begin XCRemoteSwiftPackageReference section */
		A20C57EC2CB00382000A7659 /* XCRemoteSwiftPackageReference "Alamofire" */ = {
			isa = XCRemoteSwiftPackageReference;
			repositoryURL = "https://github.com/Alamofire/Alamofire";
			requirement = {
				kind = upToNextMajorVersion;
				minimumVersion = 5.9.1;
			};
		};
		A20C57EF2CB00395000A7659 /* XCRemoteSwiftPackageReference "Kingfisher" */ = {
			isa = XCRemoteSwiftPackageReference;
			repositoryURL = "https://github.com/onevcat/Kingfisher";
			requirement = {
				kind = upToNextMajorVersion;
				minimumVersion = 8.0.3;
			};
		};
		A247A6762CAEA03A00F6EEEE /* XCRemoteSwiftPackageReference "lottie-ios" */ = {
			isa = XCRemoteSwiftPackageReference;
			repositoryURL = "https://github.com/airbnb/lottie-ios.git";
			requirement = {
				kind = upToNextMajorVersion;
				minimumVersion = 4.5.0;
			};
		};
		A25F6A142BE79DAB00B1B877 /* XCRemoteSwiftPackageReference "SnapKit" */ = {
			isa = XCRemoteSwiftPackageReference;
			repositoryURL = "https://github.com/SnapKit/SnapKit";
			requirement = {
				kind = upToNextMajorVersion;
				minimumVersion = 5.7.1;
			};
		};
		A26025B82CB6A862008A8CA2 /* XCRemoteSwiftPackageReference "SkeletonView" */ = {
			isa = XCRemoteSwiftPackageReference;
			repositoryURL = "https://github.com/Juanpe/SkeletonView.git";
			requirement = {
				kind = upToNextMajorVersion;
				minimumVersion = 1.31.0;
			};
		};
		A26FCE1C2CB8495A0024726C /* XCRemoteSwiftPackageReference "purchases-ios" */ = {
			isa = XCRemoteSwiftPackageReference;
			repositoryURL = "https://github.com/RevenueCat/purchases-ios.git";
			requirement = {
				kind = upToNextMajorVersion;
				minimumVersion = 5.6.0;
			};
		};
/* End XCRemoteSwiftPackageReference section */

/* Begin XCSwiftPackageProductDependency section */
		A20C57ED2CB00382000A7659 /* Alamofire */ = {
			isa = XCSwiftPackageProductDependency;
			package = A20C57EC2CB00382000A7659 /* XCRemoteSwiftPackageReference "Alamofire" */;
			productName = Alamofire;
		};
		A20C57F02CB00395000A7659 /* Kingfisher */ = {
			isa = XCSwiftPackageProductDependency;
			package = A20C57EF2CB00395000A7659 /* XCRemoteSwiftPackageReference "Kingfisher" */;
			productName = Kingfisher;
		};
		A247A6772CAEA03A00F6EEEE /* Lottie */ = {
			isa = XCSwiftPackageProductDependency;
			package = A247A6762CAEA03A00F6EEEE /* XCRemoteSwiftPackageReference "lottie-ios" */;
			productName = Lottie;
		};
		A25F6A152BE79DAB00B1B877 /* SnapKit */ = {
			isa = XCSwiftPackageProductDependency;
			package = A25F6A142BE79DAB00B1B877 /* XCRemoteSwiftPackageReference "SnapKit" */;
			productName = SnapKit;
		};
		A26025B92CB6A862008A8CA2 /* SkeletonView */ = {
			isa = XCSwiftPackageProductDependency;
			package = A26025B82CB6A862008A8CA2 /* XCRemoteSwiftPackageReference "SkeletonView" */;
			productName = SkeletonView;
		};
		A26FCE1D2CB8495A0024726C /* RevenueCat */ = {
			isa = XCSwiftPackageProductDependency;
			package = A26FCE1C2CB8495A0024726C /* XCRemoteSwiftPackageReference "purchases-ios" */;
			productName = RevenueCat;
		};
		A26FCE1F2CB8495A0024726C /* RevenueCatUI */ = {
			isa = XCSwiftPackageProductDependency;
			package = A26FCE1C2CB8495A0024726C /* XCRemoteSwiftPackageReference "purchases-ios" */;
			productName = RevenueCatUI;
		};
/* End XCSwiftPackageProductDependency section */
	};
	rootObject = A29F60FE2BE6733F00165F0F /* Project object */;
}
